// !$*UTF8*$!
{
	archiveVersion = 1;
	classes = {
	};
	objectVersion = 46;
	objects = {

/* Begin PBXBuildFile section */
		27B37A9E1BCCAE5E0070DFBF /* AppDelegate.swift in Sources */ = {isa = PBXBuildFile; fileRef = 27B37A9D1BCCAE5E0070DFBF /* AppDelegate.swift */; };
		27B37AA01BCCAE5E0070DFBF /* ViewController.swift in Sources */ = {isa = PBXBuildFile; fileRef = 27B37A9F1BCCAE5E0070DFBF /* ViewController.swift */; };
		27B37AA31BCCAE5E0070DFBF /* Main.storyboard in Resources */ = {isa = PBXBuildFile; fileRef = 27B37AA11BCCAE5E0070DFBF /* Main.storyboard */; };
		27B37AA51BCCAE5E0070DFBF /* Assets.xcassets in Resources */ = {isa = PBXBuildFile; fileRef = 27B37AA41BCCAE5E0070DFBF /* Assets.xcassets */; };
		27B37AA81BCCAE5E0070DFBF /* LaunchScreen.storyboard in Resources */ = {isa = PBXBuildFile; fileRef = 27B37AA61BCCAE5E0070DFBF /* LaunchScreen.storyboard */; };
		27B37AB31BCCAE5E0070DFBF /* TabBarAppTests.swift in Sources */ = {isa = PBXBuildFile; fileRef = 27B37AB21BCCAE5E0070DFBF /* TabBarAppTests.swift */; };
		27B37ABE1BCCAE5E0070DFBF /* TabBarAppUITests.swift in Sources */ = {isa = PBXBuildFile; fileRef = 27B37ABD1BCCAE5E0070DFBF /* TabBarAppUITests.swift */; };
/* End PBXBuildFile section */

/* Begin PBXContainerItemProxy section */
		27B37AAF1BCCAE5E0070DFBF /* PBXContainerItemProxy */ = {
			isa = PBXContainerItemProxy;
			containerPortal = 27B37A921BCCAE5E0070DFBF /* Project object */;
			proxyType = 1;
			remoteGlobalIDString = 27B37A991BCCAE5E0070DFBF;
			remoteInfo = TabBarApp;
		};
		27B37ABA1BCCAE5E0070DFBF /* PBXContainerItemProxy */ = {
			isa = PBXContainerItemProxy;
			containerPortal = 27B37A921BCCAE5E0070DFBF /* Project object */;
			proxyType = 1;
			remoteGlobalIDString = 27B37A991BCCAE5E0070DFBF;
			remoteInfo = TabBarApp;
		};
/* End PBXContainerItemProxy section */

/* Begin PBXFileReference section */
		27B37A9A1BCCAE5E0070DFBF /* TabBarApp.app */ = {isa = PBXFileReference; explicitFileType = wrapper.application; includeInIndex = 0; path = TabBarApp.app; sourceTree = BUILT_PRODUCTS_DIR; };
		27B37A9D1BCCAE5E0070DFBF /* AppDelegate.swift */ = {isa = PBXFileReference; lastKnownFileType = sourcecode.swift; path = AppDelegate.swift; sourceTree = "<group>"; };
		27B37A9F1BCCAE5E0070DFBF /* ViewController.swift */ = {isa = PBXFileReference; lastKnownFileType = sourcecode.swift; path = ViewController.swift; sourceTree = "<group>"; };
		27B37AA21BCCAE5E0070DFBF /* Base */ = {isa = PBXFileReference; lastKnownFileType = file.storyboard; name = Base; path = Base.lproj/Main.storyboard; sourceTree = "<group>"; };
		27B37AA41BCCAE5E0070DFBF /* Assets.xcassets */ = {isa = PBXFileReference; lastKnownFileType = folder.assetcatalog; path = Assets.xcassets; sourceTree = "<group>"; };
		27B37AA71BCCAE5E0070DFBF /* Base */ = {isa = PBXFileReference; lastKnownFileType = file.storyboard; name = Base; path = Base.lproj/LaunchScreen.storyboard; sourceTree = "<group>"; };
		27B37AA91BCCAE5E0070DFBF /* Info.plist */ = {isa = PBXFileReference; lastKnownFileType = text.plist.xml; path = Info.plist; sourceTree = "<group>"; };
		27B37AAE1BCCAE5E0070DFBF /* TabBarAppTests.xctest */ = {isa = PBXFileReference; explicitFileType = wrapper.cfbundle; includeInIndex = 0; path = TabBarAppTests.xctest; sourceTree = BUILT_PRODUCTS_DIR; };
		27B37AB21BCCAE5E0070DFBF /* TabBarAppTests.swift */ = {isa = PBXFileReference; lastKnownFileType = sourcecode.swift; path = TabBarAppTests.swift; sourceTree = "<group>"; };
		27B37AB41BCCAE5E0070DFBF /* Info.plist */ = {isa = PBXFileReference; lastKnownFileType = text.plist.xml; path = Info.plist; sourceTree = "<group>"; };
		27B37AB91BCCAE5E0070DFBF /* TabBarAppUITests.xctest */ = {isa = PBXFileReference; explicitFileType = wrapper.cfbundle; includeInIndex = 0; path = TabBarAppUITests.xctest; sourceTree = BUILT_PRODUCTS_DIR; };
		27B37ABD1BCCAE5E0070DFBF /* TabBarAppUITests.swift */ = {isa = PBXFileReference; lastKnownFileType = sourcecode.swift; path = TabBarAppUITests.swift; sourceTree = "<group>"; };
		27B37ABF1BCCAE5E0070DFBF /* Info.plist */ = {isa = PBXFileReference; lastKnownFileType = text.plist.xml; path = Info.plist; sourceTree = "<group>"; };
/* End PBXFileReference section */

/* Begin PBXFrameworksBuildPhase section */
		27B37A971BCCAE5E0070DFBF /* Frameworks */ = {
			isa = PBXFrameworksBuildPhase;
			buildActionMask = 2147483647;
			files = (
			);
			runOnlyForDeploymentPostprocessing = 0;
		};
		27B37AAB1BCCAE5E0070DFBF /* Frameworks */ = {
			isa = PBXFrameworksBuildPhase;
			buildActionMask = 2147483647;
			files = (
			);
			runOnlyForDeploymentPostprocessing = 0;
		};
		27B37AB61BCCAE5E0070DFBF /* Frameworks */ = {
			isa = PBXFrameworksBuildPhase;
			buildActionMask = 2147483647;
			files = (
			);
			runOnlyForDeploymentPostprocessing = 0;
		};
/* End PBXFrameworksBuildPhase section */

/* Begin PBXGroup section */
		27B37A911BCCAE5E0070DFBF = {
			isa = PBXGroup;
			children = (
				27B37A9C1BCCAE5E0070DFBF /* TabBarApp */,
				27B37AB11BCCAE5E0070DFBF /* TabBarAppTests */,
				27B37ABC1BCCAE5E0070DFBF /* TabBarAppUITests */,
				27B37A9B1BCCAE5E0070DFBF /* Products */,
			);
			sourceTree = "<group>";
		};
		27B37A9B1BCCAE5E0070DFBF /* Products */ = {
			isa = PBXGroup;
			children = (
				27B37A9A1BCCAE5E0070DFBF /* TabBarApp.app */,
				27B37AAE1BCCAE5E0070DFBF /* TabBarAppTests.xctest */,
				27B37AB91BCCAE5E0070DFBF /* TabBarAppUITests.xctest */,
			);
			name = Products;
			sourceTree = "<group>";
		};
		27B37A9C1BCCAE5E0070DFBF /* TabBarApp */ = {
			isa = PBXGroup;
			children = (
				27B37A9D1BCCAE5E0070DFBF /* AppDelegate.swift */,
				27B37A9F1BCCAE5E0070DFBF /* ViewController.swift */,
				27B37AA11BCCAE5E0070DFBF /* Main.storyboard */,
				27B37AA41BCCAE5E0070DFBF /* Assets.xcassets */,
				27B37AA61BCCAE5E0070DFBF /* LaunchScreen.storyboard */,
				27B37AA91BCCAE5E0070DFBF /* Info.plist */,
			);
			path = TabBarApp;
			sourceTree = "<group>";
		};
		27B37AB11BCCAE5E0070DFBF /* TabBarAppTests */ = {
			isa = PBXGroup;
			children = (
				27B37AB21BCCAE5E0070DFBF /* TabBarAppTests.swift */,
				27B37AB41BCCAE5E0070DFBF /* Info.plist */,
			);
			path = TabBarAppTests;
			sourceTree = "<group>";
		};
		27B37ABC1BCCAE5E0070DFBF /* TabBarAppUITests */ = {
			isa = PBXGroup;
			children = (
				27B37ABD1BCCAE5E0070DFBF /* TabBarAppUITests.swift */,
				27B37ABF1BCCAE5E0070DFBF /* Info.plist */,
			);
			path = TabBarAppUITests;
			sourceTree = "<group>";
		};
/* End PBXGroup section */

/* Begin PBXNativeTarget section */
		27B37A991BCCAE5E0070DFBF /* TabBarApp */ = {
			isa = PBXNativeTarget;
			buildConfigurationList = 27B37AC21BCCAE5E0070DFBF /* Build configuration list for PBXNativeTarget "TabBarApp" */;
			buildPhases = (
				27B37A961BCCAE5E0070DFBF /* Sources */,
				27B37A971BCCAE5E0070DFBF /* Frameworks */,
				27B37A981BCCAE5E0070DFBF /* Resources */,
			);
			buildRules = (
			);
			dependencies = (
			);
			name = TabBarApp;
			productName = TabBarApp;
			productReference = 27B37A9A1BCCAE5E0070DFBF /* TabBarApp.app */;
			productType = "com.apple.product-type.application";
		};
		27B37AAD1BCCAE5E0070DFBF /* TabBarAppTests */ = {
			isa = PBXNativeTarget;
			buildConfigurationList = 27B37AC51BCCAE5E0070DFBF /* Build configuration list for PBXNativeTarget "TabBarAppTests" */;
			buildPhases = (
				27B37AAA1BCCAE5E0070DFBF /* Sources */,
				27B37AAB1BCCAE5E0070DFBF /* Frameworks */,
				27B37AAC1BCCAE5E0070DFBF /* Resources */,
			);
			buildRules = (
			);
			dependencies = (
				27B37AB01BCCAE5E0070DFBF /* PBXTargetDependency */,
			);
			name = TabBarAppTests;
			productName = TabBarAppTests;
			productReference = 27B37AAE1BCCAE5E0070DFBF /* TabBarAppTests.xctest */;
			productType = "com.apple.product-type.bundle.unit-test";
		};
		27B37AB81BCCAE5E0070DFBF /* TabBarAppUITests */ = {
			isa = PBXNativeTarget;
			buildConfigurationList = 27B37AC81BCCAE5E0070DFBF /* Build configuration list for PBXNativeTarget "TabBarAppUITests" */;
			buildPhases = (
				27B37AB51BCCAE5E0070DFBF /* Sources */,
				27B37AB61BCCAE5E0070DFBF /* Frameworks */,
				27B37AB71BCCAE5E0070DFBF /* Resources */,
			);
			buildRules = (
			);
			dependencies = (
				27B37ABB1BCCAE5E0070DFBF /* PBXTargetDependency */,
			);
			name = TabBarAppUITests;
			productName = TabBarAppUITests;
			productReference = 27B37AB91BCCAE5E0070DFBF /* TabBarAppUITests.xctest */;
			productType = "com.apple.product-type.bundle.ui-testing";
		};
/* End PBXNativeTarget section */

/* Begin PBXProject section */
		27B37A921BCCAE5E0070DFBF /* Project object */ = {
			isa = PBXProject;
			attributes = {
				LastUpgradeCheck = 0700;
				ORGANIZATIONNAME = "Chris Archibald";
				TargetAttributes = {
					27B37A991BCCAE5E0070DFBF = {
						CreatedOnToolsVersion = 7.0.1;
					};
					27B37AAD1BCCAE5E0070DFBF = {
						CreatedOnToolsVersion = 7.0.1;
						TestTargetID = 27B37A991BCCAE5E0070DFBF;
					};
					27B37AB81BCCAE5E0070DFBF = {
						CreatedOnToolsVersion = 7.0.1;
						TestTargetID = 27B37A991BCCAE5E0070DFBF;
					};
				};
			};
			buildConfigurationList = 27B37A951BCCAE5E0070DFBF /* Build configuration list for PBXProject "TabBarApp" */;
			compatibilityVersion = "Xcode 3.2";
			developmentRegion = English;
			hasScannedForEncodings = 0;
			knownRegions = (
				en,
				Base,
			);
			mainGroup = 27B37A911BCCAE5E0070DFBF;
			productRefGroup = 27B37A9B1BCCAE5E0070DFBF /* Products */;
			projectDirPath = "";
			projectRoot = "";
			targets = (
				27B37A991BCCAE5E0070DFBF /* TabBarApp */,
				27B37AAD1BCCAE5E0070DFBF /* TabBarAppTests */,
				27B37AB81BCCAE5E0070DFBF /* TabBarAppUITests */,
			);
		};
/* End PBXProject section */

/* Begin PBXResourcesBuildPhase section */
		27B37A981BCCAE5E0070DFBF /* Resources */ = {
			isa = PBXResourcesBuildPhase;
			buildActionMask = 2147483647;
			files = (
				27B37AA81BCCAE5E0070DFBF /* LaunchScreen.storyboard in Resources */,
				27B37AA51BCCAE5E0070DFBF /* Assets.xcassets in Resources */,
				27B37AA31BCCAE5E0070DFBF /* Main.storyboard in Resources */,
			);
			runOnlyForDeploymentPostprocessing = 0;
		};
		27B37AAC1BCCAE5E0070DFBF /* Resources */ = {
			isa = PBXResourcesBuildPhase;
			buildActionMask = 2147483647;
			files = (
			);
			runOnlyForDeploymentPostprocessing = 0;
		};
		27B37AB71BCCAE5E0070DFBF /* Resources */ = {
			isa = PBXResourcesBuildPhase;
			buildActionMask = 2147483647;
			files = (
			);
			runOnlyForDeploymentPostprocessing = 0;
		};
/* End PBXResourcesBuildPhase section */

/* Begin PBXSourcesBuildPhase section */
		27B37A961BCCAE5E0070DFBF /* Sources */ = {
			isa = PBXSourcesBuildPhase;
			buildActionMask = 2147483647;
			files = (
				27B37AA01BCCAE5E0070DFBF /* ViewController.swift in Sources */,
				27B37A9E1BCCAE5E0070DFBF /* AppDelegate.swift in Sources */,
			);
			runOnlyForDeploymentPostprocessing = 0;
		};
		27B37AAA1BCCAE5E0070DFBF /* Sources */ = {
			isa = PBXSourcesBuildPhase;
			buildActionMask = 2147483647;
			files = (
				27B37AB31BCCAE5E0070DFBF /* TabBarAppTests.swift in Sources */,
			);
			runOnlyForDeploymentPostprocessing = 0;
		};
		27B37AB51BCCAE5E0070DFBF /* Sources */ = {
			isa = PBXSourcesBuildPhase;
			buildActionMask = 2147483647;
			files = (
				27B37ABE1BCCAE5E0070DFBF /* TabBarAppUITests.swift in Sources */,
			);
			runOnlyForDeploymentPostprocessing = 0;
		};
/* End PBXSourcesBuildPhase section */

/* Begin PBXTargetDependency section */
		27B37AB01BCCAE5E0070DFBF /* PBXTargetDependency */ = {
			isa = PBXTargetDependency;
			target = 27B37A991BCCAE5E0070DFBF /* TabBarApp */;
			targetProxy = 27B37AAF1BCCAE5E0070DFBF /* PBXContainerItemProxy */;
		};
		27B37ABB1BCCAE5E0070DFBF /* PBXTargetDependency */ = {
			isa = PBXTargetDependency;
			target = 27B37A991BCCAE5E0070DFBF /* TabBarApp */;
			targetProxy = 27B37ABA1BCCAE5E0070DFBF /* PBXContainerItemProxy */;
		};
/* End PBXTargetDependency section */

/* Begin PBXVariantGroup section */
		27B37AA11BCCAE5E0070DFBF /* Main.storyboard */ = {
			isa = PBXVariantGroup;
			children = (
				27B37AA21BCCAE5E0070DFBF /* Base */,
			);
			name = Main.storyboard;
			sourceTree = "<group>";
		};
		27B37AA61BCCAE5E0070DFBF /* LaunchScreen.storyboard */ = {
			isa = PBXVariantGroup;
			children = (
				27B37AA71BCCAE5E0070DFBF /* Base */,
			);
			name = LaunchScreen.storyboard;
			sourceTree = "<group>";
		};
/* End PBXVariantGroup section */

/* Begin XCBuildConfiguration section */
		27B37AC01BCCAE5E0070DFBF /* Debug */ = {
			isa = XCBuildConfiguration;
			buildSettings = {
				ALWAYS_SEARCH_USER_PATHS = NO;
				CLANG_CXX_LANGUAGE_STANDARD = "gnu++0x";
				CLANG_CXX_LIBRARY = "libc++";
				CLANG_ENABLE_MODULES = YES;
				CLANG_ENABLE_OBJC_ARC = YES;
				CLANG_WARN_BOOL_CONVERSION = YES;
				CLANG_WARN_CONSTANT_CONVERSION = YES;
				CLANG_WARN_DIRECT_OBJC_ISA_USAGE = YES_ERROR;
				CLANG_WARN_EMPTY_BODY = YES;
				CLANG_WARN_ENUM_CONVERSION = YES;
				CLANG_WARN_INT_CONVERSION = YES;
				CLANG_WARN_OBJC_ROOT_CLASS = YES_ERROR;
				CLANG_WARN_UNREACHABLE_CODE = YES;
				CLANG_WARN__DUPLICATE_METHOD_MATCH = YES;
				"CODE_SIGN_IDENTITY[sdk=iphoneos*]" = "iPhone Developer";
				COPY_PHASE_STRIP = NO;
				DEBUG_INFORMATION_FORMAT = dwarf;
				ENABLE_STRICT_OBJC_MSGSEND = YES;
				ENABLE_TESTABILITY = YES;
				GCC_C_LANGUAGE_STANDARD = gnu99;
				GCC_DYNAMIC_NO_PIC = NO;
				GCC_NO_COMMON_BLOCKS = YES;
				GCC_OPTIMIZATION_LEVEL = 0;
				GCC_PREPROCESSOR_DEFINITIONS = (
					"DEBUG=1",
					"$(inherited)",
				);
				GCC_WARN_64_TO_32_BIT_CONVERSION = YES;
				GCC_WARN_ABOUT_RETURN_TYPE = YES_ERROR;
				GCC_WARN_UNDECLARED_SELECTOR = YES;
				GCC_WARN_UNINITIALIZED_AUTOS = YES_AGGRESSIVE;
				GCC_WARN_UNUSED_FUNCTION = YES;
				GCC_WARN_UNUSED_VARIABLE = YES;
				IPHONEOS_DEPLOYMENT_TARGET = 9.0;
				MTL_ENABLE_DEBUG_INFO = YES;
				ONLY_ACTIVE_ARCH = YES;
				SDKROOT = iphoneos;
				SWIFT_OPTIMIZATION_LEVEL = "-Onone";
				TARGETED_DEVICE_FAMILY = "1,2";
			};
			name = Debug;
		};
		27B37AC11BCCAE5E0070DFBF /* Release */ = {
			isa = XCBuildConfiguration;
			buildSettings = {
				ALWAYS_SEARCH_USER_PATHS = NO;
				CLANG_CXX_LANGUAGE_STANDARD = "gnu++0x";
				CLANG_CXX_LIBRARY = "libc++";
				CLANG_ENABLE_MODULES = YES;
				CLANG_ENABLE_OBJC_ARC = YES;
				CLANG_WARN_BOOL_CONVERSION = YES;
				CLANG_WARN_CONSTANT_CONVERSION = YES;
				CLANG_WARN_DIRECT_OBJC_ISA_USAGE = YES_ERROR;
				CLANG_WARN_EMPTY_BODY = YES;
				CLANG_WARN_ENUM_CONVERSION = YES;
				CLANG_WARN_INT_CONVERSION = YES;
				CLANG_WARN_OBJC_ROOT_CLASS = YES_ERROR;
				CLANG_WARN_UNREACHABLE_CODE = YES;
				CLANG_WARN__DUPLICATE_METHOD_MATCH = YES;
				"CODE_SIGN_IDENTITY[sdk=iphoneos*]" = "iPhone Developer";
				COPY_PHASE_STRIP = NO;
				DEBUG_INFORMATION_FORMAT = "dwarf-with-dsym";
				ENABLE_NS_ASSERTIONS = NO;
				ENABLE_STRICT_OBJC_MSGSEND = YES;
				GCC_C_LANGUAGE_STANDARD = gnu99;
				GCC_NO_COMMON_BLOCKS = YES;
				GCC_WARN_64_TO_32_BIT_CONVERSION = YES;
				GCC_WARN_ABOUT_RETURN_TYPE = YES_ERROR;
				GCC_WARN_UNDECLARED_SELECTOR = YES;
				GCC_WARN_UNINITIALIZED_AUTOS = YES_AGGRESSIVE;
				GCC_WARN_UNUSED_FUNCTION = YES;
				GCC_WARN_UNUSED_VARIABLE = YES;
				IPHONEOS_DEPLOYMENT_TARGET = 9.0;
				MTL_ENABLE_DEBUG_INFO = NO;
				SDKROOT = iphoneos;
				TARGETED_DEVICE_FAMILY = "1,2";
				VALIDATE_PRODUCT = YES;
			};
			name = Release;
		};
		27B37AC31BCCAE5E0070DFBF /* Debug */ = {
			isa = XCBuildConfiguration;
			buildSettings = {
				ASSETCATALOG_COMPILER_APPICON_NAME = AppIcon;
				INFOPLIST_FILE = TabBarApp/Info.plist;
				LD_RUNPATH_SEARCH_PATHS = "$(inherited) @executable_path/Frameworks";
				PRODUCT_BUNDLE_IDENTIFIER = com.ogrebear.TabBarApp;
				PRODUCT_NAME = "$(TARGET_NAME)";
			};
			name = Debug;
		};
		27B37AC41BCCAE5E0070DFBF /* Release */ = {
			isa = XCBuildConfiguration;
			buildSettings = {
				ASSETCATALOG_COMPILER_APPICON_NAME = AppIcon;
				INFOPLIST_FILE = TabBarApp/Info.plist;
				LD_RUNPATH_SEARCH_PATHS = "$(inherited) @executable_path/Frameworks";
				PRODUCT_BUNDLE_IDENTIFIER = com.ogrebear.TabBarApp;
				PRODUCT_NAME = "$(TARGET_NAME)";
			};
			name = Release;
		};
		27B37AC61BCCAE5E0070DFBF /* Debug */ = {
			isa = XCBuildConfiguration;
			buildSettings = {
				BUNDLE_LOADER = "$(TEST_HOST)";
				INFOPLIST_FILE = TabBarAppTests/Info.plist;
				LD_RUNPATH_SEARCH_PATHS = "$(inherited) @executable_path/Frameworks @loader_path/Frameworks";
				PRODUCT_BUNDLE_IDENTIFIER = com.ogrebear.TabBarAppTests;
				PRODUCT_NAME = "$(TARGET_NAME)";
				TEST_HOST = "$(BUILT_PRODUCTS_DIR)/TabBarApp.app/TabBarApp";
			};
			name = Debug;
		};
		27B37AC71BCCAE5E0070DFBF /* Release */ = {
			isa = XCBuildConfiguration;
			buildSettings = {
				BUNDLE_LOADER = "$(TEST_HOST)";
				INFOPLIST_FILE = TabBarAppTests/Info.plist;
				LD_RUNPATH_SEARCH_PATHS = "$(inherited) @executable_path/Frameworks @loader_path/Frameworks";
				PRODUCT_BUNDLE_IDENTIFIER = com.ogrebear.TabBarAppTests;
				PRODUCT_NAME = "$(TARGET_NAME)";
				TEST_HOST = "$(BUILT_PRODUCTS_DIR)/TabBarApp.app/TabBarApp";
			};
			name = Release;
		};
		27B37AC91BCCAE5E0070DFBF /* Debug */ = {
			isa = XCBuildConfiguration;
			buildSettings = {
				INFOPLIST_FILE = TabBarAppUITests/Info.plist;
				LD_RUNPATH_SEARCH_PATHS = "$(inherited) @executable_path/Frameworks @loader_path/Frameworks";
				PRODUCT_BUNDLE_IDENTIFIER = com.ogrebear.TabBarAppUITests;
				PRODUCT_NAME = "$(TARGET_NAME)";
				TEST_TARGET_NAME = TabBarApp;
				USES_XCTRUNNER = YES;
			};
			name = Debug;
		};
		27B37ACA1BCCAE5E0070DFBF /* Release */ = {
			isa = XCBuildConfiguration;
			buildSettings = {
				INFOPLIST_FILE = TabBarAppUITests/Info.plist;
				LD_RUNPATH_SEARCH_PATHS = "$(inherited) @executable_path/Frameworks @loader_path/Frameworks";
				PRODUCT_BUNDLE_IDENTIFIER = com.ogrebear.TabBarAppUITests;
				PRODUCT_NAME = "$(TARGET_NAME)";
				TEST_TARGET_NAME = TabBarApp;
				USES_XCTRUNNER = YES;
			};
			name = Release;
		};
/* End XCBuildConfiguration section */

/* Begin XCConfigurationList section */
		27B37A951BCCAE5E0070DFBF /* Build configuration list for PBXProject "TabBarApp" */ = {
			isa = XCConfigurationList;
			buildConfigurations = (
				27B37AC01BCCAE5E0070DFBF /* Debug */,
				27B37AC11BCCAE5E0070DFBF /* Release */,
			);
			defaultConfigurationIsVisible = 0;
			defaultConfigurationName = Release;
		};
		27B37AC21BCCAE5E0070DFBF /* Build configuration list for PBXNativeTarget "TabBarApp" */ = {
			isa = XCConfigurationList;
			buildConfigurations = (
				27B37AC31BCCAE5E0070DFBF /* Debug */,
				27B37AC41BCCAE5E0070DFBF /* Release */,
			);
			defaultConfigurationIsVisible = 0;
		};
		27B37AC51BCCAE5E0070DFBF /* Build configuration list for PBXNativeTarget "TabBarAppTests" */ = {
			isa = XCConfigurationList;
			buildConfigurations = (
				27B37AC61BCCAE5E0070DFBF /* Debug */,
				27B37AC71BCCAE5E0070DFBF /* Release */,
			);
			defaultConfigurationIsVisible = 0;
		};
		27B37AC81BCCAE5E0070DFBF /* Build configuration list for PBXNativeTarget "TabBarAppUITests" */ = {
			isa = XCConfigurationList;
			buildConfigurations = (
				27B37AC91BCCAE5E0070DFBF /* Debug */,
				27B37ACA1BCCAE5E0070DFBF /* Release */,
			);
			defaultConfigurationIsVisible = 0;
		};
/* End XCConfigurationList section */
	};
	rootObject = 27B37A921BCCAE5E0070DFBF /* Project object */;
}
